
Microsoft Visual Studio Solution File, Format Version 12.00
# Visual Studio Version 17
VisualStudioVersion = 17.12.35527.113 d17.12
MinimumVisualStudioVersion = 10.0.40219.1
Project("{FAE04EC0-301F-11D3-BF4B-00C04F79EFBC}") = "Console Game Engine", "Console Game Engine.csproj", "{B93AE08B-75D2-4004-856E-5D9D88AC20E4}"
EndProject
Project("{FAE04EC0-301F-11D3-BF4B-00C04F79EFBC}") = "Example", "..\Example\Example.csproj", "{332929E4-E007-4A9D-A4F1-9020069E04AB}"
EndProject
Global
	GlobalSection(SolutionConfigurationPlatforms) = preSolution
		Debug|Any CPU = Debug|Any CPU
		Release|Any CPU = Release|Any CPU
	EndGlobalSection
	GlobalSection(ProjectConfigurationPlatforms) = postSolution
		{B93AE08B-75D2-4004-856E-5D9D88AC20E4}.Debug|Any CPU.ActiveCfg = Debug|Any CPU
		{B93AE08B-75D2-4004-856E-5D9D88AC20E4}.Debug|Any CPU.Build.0 = Debug|Any CPU
		{B93AE08B-75D2-4004-856E-5D9D88AC20E4}.Release|Any CPU.ActiveCfg = Release|Any CPU
		{B93AE08B-75D2-4004-856E-5D9D88AC20E4}.Release|Any CPU.Build.0 = Release|Any CPU
		{332929E4-E007-4A9D-A4F1-9020069E04AB}.Debug|Any CPU.ActiveCfg = Debug|Any CPU
		{332929E4-E007-4A9D-A4F1-9020069E04AB}.Debug|Any CPU.Build.0 = Debug|Any CPU
		{332929E4-E007-4A9D-A4F1-9020069E04AB}.Release|Any CPU.ActiveCfg = Release|Any CPU
		{332929E4-E007-4A9D-A4F1-9020069E04AB}.Release|Any CPU.Build.0 = Release|Any CPU
	EndGlobalSection
	GlobalSection(SolutionProperties) = preSolution
		HideSolutionNode = FALSE
	EndGlobalSection
EndGlobal
